<?xml version="1.0" encoding="utf-8"?>
<Project ToolsVersion="4.0" xmlns="http://schemas.microsoft.com/developer/msbuild/2003">
  <ItemGroup>
    <ClCompile Include="$(MSBuildThisFileDirectory)Game.cpp" />
    <ClCompile Include="$(MSBuildThisFileDirectory)Gamepad.cpp" />
    <ClCompile Include="$(MSBuildThisFileDirectory)Kat.cpp" />
    <ClCompile Include="$(MSBuildThisFileDirectory)pch.cpp" />
    <ClCompile Include="$(MSBuildThisFileDirectory)RigidBody.cpp" />
    <ClCompile Include="$(MSBuildThisFileDirectory)PowerupSpawner.cpp" />
    <ClCompile Include="$(MSBuildThisFileDirectory)TestDummy.cpp" />
    <ClCompile Include="$(MSBuildThisFileDirectory)MeshEntity.cpp" />
    <ClCompile Include="$(MSBuildThisFileDirectory)InputSubscriber.cpp" />
    <ClCompile Include="$(MSBuildThisFileDirectory)Powerup.cpp" />
    <ClCompile Include="$(MSBuildThisFileDirectory)QuadEntity.cpp" />
    <ClCompile Include="$(MSBuildThisFileDirectory)MeshEntity.cpp" />
    <ClCompile Include="$(MSBuildThisFileDirectory)Score.cpp" />
    <ClCompile Include="$(MSBuildThisFileDirectory)Player.cpp" />
    <ClCompile Include="$(MSBuildThisFileDirectory)ActionPunch.cpp" />
    <ClCompile Include="$(MSBuildThisFileDirectory)HUD.cpp" />
    <ClCompile Include="$(MSBuildThisFileDirectory)Timer.cpp" />
    <ClCompile Include="$(MSBuildThisFileDirectory)ScoreAction.cpp" />
  </ItemGroup>
  <ItemGroup>
    <ClInclude Include="$(MSBuildThisFileDirectory)Constants.h" />
    <ClInclude Include="$(MSBuildThisFileDirectory)Game.h" />
    <ClInclude Include="$(MSBuildThisFileDirectory)Gamepad.h" />
    <ClInclude Include="$(MSBuildThisFileDirectory)Kat.h" />
    <ClInclude Include="$(MSBuildThisFileDirectory)pch.h" />
    <ClInclude Include="$(MSBuildThisFileDirectory)RigidBody.h" />
    <ClInclude Include="$(MSBuildThisFileDirectory)PowerupSpawner.h" />
    <ClInclude Include="$(MSBuildThisFileDirectory)TestDummy.h" />
    <ClInclude Include="$(MSBuildThisFileDirectory)MeshEntity.h" />
    <ClInclude Include="$(MSBuildThisFileDirectory)InputSubscriber.h" />
    <ClInclude Include="$(MSBuildThisFileDirectory)Powerup.h" />
    <ClInclude Include="$(MSBuildThisFileDirectory)QuadEntity.h" />
    <ClInclude Include="$(MSBuildThisFileDirectory)MeshEntity.h" />
    <ClInclude Include="$(MSBuildThisFileDirectory)Score.h" />
    <ClInclude Include="$(MSBuildThisFileDirectory)Player.h" />
    <ClInclude Include="$(MSBuildThisFileDirectory)ActionPunch.h" />
    <ClInclude Include="$(MSBuildThisFileDirectory)HUD.h" />
    <ClInclude Include="$(MSBuildThisFileDirectory)Timer.h" />
    <ClInclude Include="$(MSBuildThisFileDirectory)ScoreAction.h" />
  </ItemGroup>
</Project>