<?xml version="1.0" encoding="utf-8"?>
<Project ToolsVersion="4.0" xmlns="http://schemas.microsoft.com/developer/msbuild/2003">
  <ItemGroup>
    <Filter Include="Rendering">
      <UniqueIdentifier>{f52c499c-f5ae-4e62-a496-1de844a9013d}</UniqueIdentifier>
    </Filter>
  </ItemGroup>
  <ItemGroup>
    <ClInclude Include="RendererDirectX.h">
      <Filter>Rendering</Filter>
    </ClInclude>
    <ClInclude Include="RendererOpenGL.h">
      <Filter>Rendering</Filter>
    </ClInclude>
    <ClInclude Include="RenderConfigurationDirectX.h">
      <Filter>Rendering</Filter>
    </ClInclude>
    <ClInclude Include="RenderConfigurationOpenGL.h">
      <Filter>Rendering</Filter>
    </ClInclude>
  </ItemGroup>
  <ItemGroup>
    <ClCompile Include="RendererDirectX.cpp">
      <Filter>Rendering</Filter>
    </ClCompile>
    <ClCompile Include="RendererOpenGL.cpp">
      <Filter>Rendering</Filter>
    </ClCompile>
  </ItemGroup>
</Project>